// !$*UTF8*$!
{
	archiveVersion = 1;
	classes = {
	};
	objectVersion = 46;
	objects = {

/* Begin PBXBuildFile section */
		2706591D1D4F101200044350 /* main.m in Sources */ = {isa = PBXBuildFile; fileRef = 2706591C1D4F101200044350 /* main.m */; };
		270659281D4F101200044350 /* Assets.xcassets in Resources */ = {isa = PBXBuildFile; fileRef = 270659271D4F101200044350 /* Assets.xcassets */; };
		2706592B1D4F101200044350 /* LaunchScreen.storyboard in Resources */ = {isa = PBXBuildFile; fileRef = 270659291D4F101200044350 /* LaunchScreen.storyboard */; };
		270659361D4F101200044350 /* MVVMTests.m in Sources */ = {isa = PBXBuildFile; fileRef = 270659351D4F101200044350 /* MVVMTests.m */; };
		270659411D4F101200044350 /* MVVMUITests.m in Sources */ = {isa = PBXBuildFile; fileRef = 270659401D4F101200044350 /* MVVMUITests.m */; };
		270659701D4F1AFE00044350 /* AppDelegate.m in Sources */ = {isa = PBXBuildFile; fileRef = 2706596F1D4F1AFE00044350 /* AppDelegate.m */; };
		270659761D4F1F2E00044350 /* MBProgressHUD+YT.m in Sources */ = {isa = PBXBuildFile; fileRef = 270659731D4F1F2E00044350 /* MBProgressHUD+YT.m */; };
		270659801D4F1FA600044350 /* XTPopNormalView.m in Sources */ = {isa = PBXBuildFile; fileRef = 2706597A1D4F1FA600044350 /* XTPopNormalView.m */; };
		270659811D4F1FA600044350 /* XTPopTableView.m in Sources */ = {isa = PBXBuildFile; fileRef = 2706597C1D4F1FA600044350 /* XTPopTableView.m */; };
		270659821D4F1FA600044350 /* XTPopViewBase.m in Sources */ = {isa = PBXBuildFile; fileRef = 2706597F1D4F1FA600044350 /* XTPopViewBase.m */; };
		270659981D4F455600044350 /* LKTabbarController.m in Sources */ = {isa = PBXBuildFile; fileRef = 270659971D4F455600044350 /* LKTabbarController.m */; };
		2706599B1D4F457600044350 /* LKNavigationController.m in Sources */ = {isa = PBXBuildFile; fileRef = 2706599A1D4F457600044350 /* LKNavigationController.m */; };
		270659A11D4F4C6900044350 /* LKClassifyViewController.m in Sources */ = {isa = PBXBuildFile; fileRef = 270659A01D4F4C6900044350 /* LKClassifyViewController.m */; };
		270659A41D4F4C8400044350 /* LKSingleGoodsViewController.m in Sources */ = {isa = PBXBuildFile; fileRef = 270659A31D4F4C8400044350 /* LKSingleGoodsViewController.m */; };
		270659A71D4F4C9000044350 /* LKMineViewController.m in Sources */ = {isa = PBXBuildFile; fileRef = 270659A61D4F4C9000044350 /* LKMineViewController.m */; };
		270659AA1D4F4E0500044350 /* UIImage+LKExtention.m in Sources */ = {isa = PBXBuildFile; fileRef = 270659A91D4F4E0500044350 /* UIImage+LKExtention.m */; };
		271807F91D5345670091D9D4 /* LKHeadView.m in Sources */ = {isa = PBXBuildFile; fileRef = 271807F81D5345670091D9D4 /* LKHeadView.m */; };
		271807FF1D534D430091D9D4 /* LKheadModel.m in Sources */ = {isa = PBXBuildFile; fileRef = 271807FE1D534D430091D9D4 /* LKheadModel.m */; };
		274F890D1D5C5380008B0B9A /* UITableView+HYBCacheHeight.m in Sources */ = {isa = PBXBuildFile; fileRef = 274F890A1D5C5380008B0B9A /* UITableView+HYBCacheHeight.m */; };
		274F890E1D5C5380008B0B9A /* UITableViewCell+HYBMasonryAutoCellHeight.m in Sources */ = {isa = PBXBuildFile; fileRef = 274F890C1D5C5380008B0B9A /* UITableViewCell+HYBMasonryAutoCellHeight.m */; };
		275303441D504F11005AE591 /* LKTool.m in Sources */ = {isa = PBXBuildFile; fileRef = 275303431D504F11005AE591 /* LKTool.m */; };
		275303471D50503E005AE591 /* LKHomePageViewController.m in Sources */ = {isa = PBXBuildFile; fileRef = 275303461D50503E005AE591 /* LKHomePageViewController.m */; };
		275303541D5050AD005AE591 /* LKView.m in Sources */ = {isa = PBXBuildFile; fileRef = 2753034A1D5050AD005AE591 /* LKView.m */; };
		275303551D5050AD005AE591 /* LKViewController.m in Sources */ = {isa = PBXBuildFile; fileRef = 2753034E1D5050AD005AE591 /* LKViewController.m */; };
		275303561D5050AD005AE591 /* LKViewModel.m in Sources */ = {isa = PBXBuildFile; fileRef = 275303521D5050AD005AE591 /* LKViewModel.m */; };
		275303BD1D50734D005AE591 /* loading.png in Resources */ = {isa = PBXBuildFile; fileRef = 275303851D50734D005AE591 /* loading.png */; };
		275303BE1D50734D005AE591 /* loading@2x.png in Resources */ = {isa = PBXBuildFile; fileRef = 275303861D50734D005AE591 /* loading@2x.png */; };
		275303BF1D50734D005AE591 /* loading@3x.png in Resources */ = {isa = PBXBuildFile; fileRef = 275303871D50734D005AE591 /* loading@3x.png */; };
		275303F91D50881A005AE591 /* LKTableViewCell.m in Sources */ = {isa = PBXBuildFile; fileRef = 275303F81D50881A005AE591 /* LKTableViewCell.m */; };
		275304021D50951A005AE591 /* list_button@2x.png in Resources */ = {isa = PBXBuildFile; fileRef = 275304001D50951A005AE591 /* list_button@2x.png */; };
		275304031D50951A005AE591 /* list_button@3x.png in Resources */ = {isa = PBXBuildFile; fileRef = 275304011D50951A005AE591 /* list_button@3x.png */; };
		2753040B1D50A29A005AE591 /* RECommonFunctions.m in Sources */ = {isa = PBXBuildFile; fileRef = 275304061D50A29A005AE591 /* RECommonFunctions.m */; };
		2753040C1D50A29A005AE591 /* RESideMenu.m in Sources */ = {isa = PBXBuildFile; fileRef = 275304081D50A29A005AE591 /* RESideMenu.m */; };
		2753040D1D50A29A005AE591 /* UIViewController+RESideMenu.m in Sources */ = {isa = PBXBuildFile; fileRef = 2753040A1D50A29A005AE591 /* UIViewController+RESideMenu.m */; };
		275304101D50A313005AE591 /* LKLeftMenuViewController.m in Sources */ = {isa = PBXBuildFile; fileRef = 2753040F1D50A313005AE591 /* LKLeftMenuViewController.m */; };
		27625F8C1D51810D00D55A46 /* Stars@2x.png in Resources */ = {isa = PBXBuildFile; fileRef = 27625F8B1D51810D00D55A46 /* Stars@2x.png */; };
		27625FE01D51CEAF00D55A46 /* UINavigationBar+Awesome.m in Sources */ = {isa = PBXBuildFile; fileRef = 27625FD51D51CEAF00D55A46 /* UINavigationBar+Awesome.m */; };
		27625FE11D51CEAF00D55A46 /* TYBasePageTabBar.m in Sources */ = {isa = PBXBuildFile; fileRef = 27625FD71D51CEAF00D55A46 /* TYBasePageTabBar.m */; };
		27625FE21D51CEAF00D55A46 /* TYSlidePageScrollView.m in Sources */ = {isa = PBXBuildFile; fileRef = 27625FD91D51CEAF00D55A46 /* TYSlidePageScrollView.m */; };
		27625FE31D51CEAF00D55A46 /* TYSlidePageScrollViewController.m in Sources */ = {isa = PBXBuildFile; fileRef = 27625FDB1D51CEAF00D55A46 /* TYSlidePageScrollViewController.m */; };
		27625FE41D51CEAF00D55A46 /* TYTitlePageTabBar.m in Sources */ = {isa = PBXBuildFile; fileRef = 27625FDD1D51CEAF00D55A46 /* TYTitlePageTabBar.m */; };
		27625FE51D51CEAF00D55A46 /* UIScrollView+ty_swizzle.m in Sources */ = {isa = PBXBuildFile; fileRef = 27625FDF1D51CEAF00D55A46 /* UIScrollView+ty_swizzle.m */; };
		2770F0781D596B3500DCD547 /* LKCell.m in Sources */ = {isa = PBXBuildFile; fileRef = 2770F0771D596B3500DCD547 /* LKCell.m */; };
		2770F07B1D596BD200DCD547 /* LKCellModel.m in Sources */ = {isa = PBXBuildFile; fileRef = 2770F07A1D596BD200DCD547 /* LKCellModel.m */; };
		2770F07E1D596BDC00DCD547 /* LKModel.m in Sources */ = {isa = PBXBuildFile; fileRef = 2770F07D1D596BDC00DCD547 /* LKModel.m */; };
		2770F0841D59895B00DCD547 /* LKTableViewController.m in Sources */ = {isa = PBXBuildFile; fileRef = 2770F0831D59895B00DCD547 /* LKTableViewController.m */; };
		2772DF181D5481DD0015083C /* LKheadViewModel.m in Sources */ = {isa = PBXBuildFile; fileRef = 2772DF171D5481DD0015083C /* LKheadViewModel.m */; };
		2772DF1B1D5488A10015083C /* LKRequest.m in Sources */ = {isa = PBXBuildFile; fileRef = 2772DF1A1D5488A10015083C /* LKRequest.m */; };
		27BFDB551D585D38009B0C98 /* Foundation+Log.m in Sources */ = {isa = PBXBuildFile; fileRef = 27BFDB541D585D38009B0C98 /* Foundation+Log.m */; };
		27BFDB5B1D587124009B0C98 /* LKPageTabBarViewModel.m in Sources */ = {isa = PBXBuildFile; fileRef = 27BFDB5A1D587124009B0C98 /* LKPageTabBarViewModel.m */; };
		27BFDB5E1D587183009B0C98 /* LKPageTabBarModel.m in Sources */ = {isa = PBXBuildFile; fileRef = 27BFDB5D1D587183009B0C98 /* LKPageTabBarModel.m */; };
		27BFDB621D58753D009B0C98 /* success.png in Resources */ = {isa = PBXBuildFile; fileRef = 27BFDB5F1D58753D009B0C98 /* success.png */; };
		27BFDB631D58753D009B0C98 /* success@2x.png in Resources */ = {isa = PBXBuildFile; fileRef = 27BFDB601D58753D009B0C98 /* success@2x.png */; };
		27BFDB641D58753D009B0C98 /* success@3x.png in Resources */ = {isa = PBXBuildFile; fileRef = 27BFDB611D58753D009B0C98 /* success@3x.png */; };
		27BFDB661D587554009B0C98 /* error.png in Resources */ = {isa = PBXBuildFile; fileRef = 27BFDB651D587554009B0C98 /* error.png */; };
		BAEB126055E25C82118B86BA /* Pods_MVVM.framework in Frameworks */ = {isa = PBXBuildFile; fileRef = B4D8D6E42AD379B0D5A4A996 /* Pods_MVVM.framework */; };
/* End PBXBuildFile section */

/* Begin PBXContainerItemProxy section */
		270659321D4F101200044350 /* PBXContainerItemProxy */ = {
			isa = PBXContainerItemProxy;
			containerPortal = 270659101D4F101200044350 /* Project object */;
			proxyType = 1;
			remoteGlobalIDString = 270659171D4F101200044350;
			remoteInfo = MVVM;
		};
		2706593D1D4F101200044350 /* PBXContainerItemProxy */ = {
			isa = PBXContainerItemProxy;
			containerPortal = 270659101D4F101200044350 /* Project object */;
			proxyType = 1;
			remoteGlobalIDString = 270659171D4F101200044350;
			remoteInfo = MVVM;
		};
/* End PBXContainerItemProxy section */

/* Begin PBXFileReference section */
		270659181D4F101200044350 /* MVVM.app */ = {isa = PBXFileReference; explicitFileType = wrapper.application; includeInIndex = 0; path = MVVM.app; sourceTree = BUILT_PRODUCTS_DIR; };
		2706591C1D4F101200044350 /* main.m */ = {isa = PBXFileReference; lastKnownFileType = sourcecode.c.objc; path = main.m; sourceTree = "<group>"; };
		270659271D4F101200044350 /* Assets.xcassets */ = {isa = PBXFileReference; lastKnownFileType = folder.assetcatalog; path = Assets.xcassets; sourceTree = "<group>"; };
		2706592A1D4F101200044350 /* Base */ = {isa = PBXFileReference; lastKnownFileType = file.storyboard; name = Base; path = Base.lproj/LaunchScreen.storyboard; sourceTree = "<group>"; };
		2706592C1D4F101200044350 /* Info.plist */ = {isa = PBXFileReference; lastKnownFileType = text.plist.xml; path = Info.plist; sourceTree = "<group>"; };
		270659311D4F101200044350 /* MVVMTests.xctest */ = {isa = PBXFileReference; explicitFileType = wrapper.cfbundle; includeInIndex = 0; path = MVVMTests.xctest; sourceTree = BUILT_PRODUCTS_DIR; };
		270659351D4F101200044350 /* MVVMTests.m */ = {isa = PBXFileReference; lastKnownFileType = sourcecode.c.objc; path = MVVMTests.m; sourceTree = "<group>"; };
		270659371D4F101200044350 /* Info.plist */ = {isa = PBXFileReference; lastKnownFileType = text.plist.xml; path = Info.plist; sourceTree = "<group>"; };
		2706593C1D4F101200044350 /* MVVMUITests.xctest */ = {isa = PBXFileReference; explicitFileType = wrapper.cfbundle; includeInIndex = 0; path = MVVMUITests.xctest; sourceTree = BUILT_PRODUCTS_DIR; };
		270659401D4F101200044350 /* MVVMUITests.m */ = {isa = PBXFileReference; lastKnownFileType = sourcecode.c.objc; path = MVVMUITests.m; sourceTree = "<group>"; };
		270659421D4F101200044350 /* Info.plist */ = {isa = PBXFileReference; lastKnownFileType = text.plist.xml; path = Info.plist; sourceTree = "<group>"; };
		2706596E1D4F1AFE00044350 /* AppDelegate.h */ = {isa = PBXFileReference; fileEncoding = 4; lastKnownFileType = sourcecode.c.h; path = AppDelegate.h; sourceTree = "<group>"; };
		2706596F1D4F1AFE00044350 /* AppDelegate.m */ = {isa = PBXFileReference; fileEncoding = 4; lastKnownFileType = sourcecode.c.objc; path = AppDelegate.m; sourceTree = "<group>"; };
		270659721D4F1F2E00044350 /* MBProgressHUD+YT.h */ = {isa = PBXFileReference; fileEncoding = 4; lastKnownFileType = sourcecode.c.h; path = "MBProgressHUD+YT.h"; sourceTree = "<group>"; };
		270659731D4F1F2E00044350 /* MBProgressHUD+YT.m */ = {isa = PBXFileReference; fileEncoding = 4; lastKnownFileType = sourcecode.c.objc; path = "MBProgressHUD+YT.m"; sourceTree = "<group>"; };
		270659791D4F1FA600044350 /* XTPopNormalView.h */ = {isa = PBXFileReference; fileEncoding = 4; lastKnownFileType = sourcecode.c.h; path = XTPopNormalView.h; sourceTree = "<group>"; };
		2706597A1D4F1FA600044350 /* XTPopNormalView.m */ = {isa = PBXFileReference; fileEncoding = 4; lastKnownFileType = sourcecode.c.objc; path = XTPopNormalView.m; sourceTree = "<group>"; };
		2706597B1D4F1FA600044350 /* XTPopTableView.h */ = {isa = PBXFileReference; fileEncoding = 4; lastKnownFileType = sourcecode.c.h; path = XTPopTableView.h; sourceTree = "<group>"; };
		2706597C1D4F1FA600044350 /* XTPopTableView.m */ = {isa = PBXFileReference; fileEncoding = 4; lastKnownFileType = sourcecode.c.objc; path = XTPopTableView.m; sourceTree = "<group>"; };
		2706597D1D4F1FA600044350 /* XTPopView.h */ = {isa = PBXFileReference; fileEncoding = 4; lastKnownFileType = sourcecode.c.h; path = XTPopView.h; sourceTree = "<group>"; };
		2706597E1D4F1FA600044350 /* XTPopViewBase.h */ = {isa = PBXFileReference; fileEncoding = 4; lastKnownFileType = sourcecode.c.h; path = XTPopViewBase.h; sourceTree = "<group>"; };
		2706597F1D4F1FA600044350 /* XTPopViewBase.m */ = {isa = PBXFileReference; fileEncoding = 4; lastKnownFileType = sourcecode.c.objc; path = XTPopViewBase.m; sourceTree = "<group>"; };
		2706598B1D4F23C300044350 /* PrefixHeader.pch */ = {isa = PBXFileReference; lastKnownFileType = sourcecode.c.h; path = PrefixHeader.pch; sourceTree = "<group>"; };
		2706598C1D4F23EA00044350 /* NotificationMacro.h */ = {isa = PBXFileReference; lastKnownFileType = sourcecode.c.h; path = NotificationMacro.h; sourceTree = "<group>"; };
		2706598D1D4F243300044350 /* APIMacro.h */ = {isa = PBXFileReference; lastKnownFileType = sourcecode.c.h; path = APIMacro.h; sourceTree = "<group>"; };
		2706598E1D4F24C400044350 /* Definition.h */ = {isa = PBXFileReference; lastKnownFileType = sourcecode.c.h; path = Definition.h; sourceTree = "<group>"; };
		270659961D4F455600044350 /* LKTabbarController.h */ = {isa = PBXFileReference; fileEncoding = 4; lastKnownFileType = sourcecode.c.h; path = LKTabbarController.h; sourceTree = "<group>"; };
		270659971D4F455600044350 /* LKTabbarController.m */ = {isa = PBXFileReference; fileEncoding = 4; lastKnownFileType = sourcecode.c.objc; path = LKTabbarController.m; sourceTree = "<group>"; };
		270659991D4F457600044350 /* LKNavigationController.h */ = {isa = PBXFileReference; fileEncoding = 4; lastKnownFileType = sourcecode.c.h; path = LKNavigationController.h; sourceTree = "<group>"; };
		2706599A1D4F457600044350 /* LKNavigationController.m */ = {isa = PBXFileReference; fileEncoding = 4; lastKnownFileType = sourcecode.c.objc; path = LKNavigationController.m; sourceTree = "<group>"; };
		2706599F1D4F4C6900044350 /* LKClassifyViewController.h */ = {isa = PBXFileReference; fileEncoding = 4; lastKnownFileType = sourcecode.c.h; path = LKClassifyViewController.h; sourceTree = "<group>"; };
		270659A01D4F4C6900044350 /* LKClassifyViewController.m */ = {isa = PBXFileReference; fileEncoding = 4; lastKnownFileType = sourcecode.c.objc; path = LKClassifyViewController.m; sourceTree = "<group>"; };
		270659A21D4F4C8400044350 /* LKSingleGoodsViewController.h */ = {isa = PBXFileReference; fileEncoding = 4; lastKnownFileType = sourcecode.c.h; path = LKSingleGoodsViewController.h; sourceTree = "<group>"; };
		270659A31D4F4C8400044350 /* LKSingleGoodsViewController.m */ = {isa = PBXFileReference; fileEncoding = 4; lastKnownFileType = sourcecode.c.objc; path = LKSingleGoodsViewController.m; sourceTree = "<group>"; };
		270659A51D4F4C9000044350 /* LKMineViewController.h */ = {isa = PBXFileReference; fileEncoding = 4; lastKnownFileType = sourcecode.c.h; path = LKMineViewController.h; sourceTree = "<group>"; };
		270659A61D4F4C9000044350 /* LKMineViewController.m */ = {isa = PBXFileReference; fileEncoding = 4; lastKnownFileType = sourcecode.c.objc; path = LKMineViewController.m; sourceTree = "<group>"; };
		270659A81D4F4E0500044350 /* UIImage+LKExtention.h */ = {isa = PBXFileReference; fileEncoding = 4; lastKnownFileType = sourcecode.c.h; path = "UIImage+LKExtention.h"; sourceTree = "<group>"; };
		270659A91D4F4E0500044350 /* UIImage+LKExtention.m */ = {isa = PBXFileReference; fileEncoding = 4; lastKnownFileType = sourcecode.c.objc; path = "UIImage+LKExtention.m"; sourceTree = "<group>"; };
		271807F71D5345670091D9D4 /* LKHeadView.h */ = {isa = PBXFileReference; fileEncoding = 4; lastKnownFileType = sourcecode.c.h; path = LKHeadView.h; sourceTree = "<group>"; };
		271807F81D5345670091D9D4 /* LKHeadView.m */ = {isa = PBXFileReference; fileEncoding = 4; lastKnownFileType = sourcecode.c.objc; path = LKHeadView.m; sourceTree = "<group>"; };
		271807FD1D534D430091D9D4 /* LKheadModel.h */ = {isa = PBXFileReference; fileEncoding = 4; lastKnownFileType = sourcecode.c.h; path = LKheadModel.h; sourceTree = "<group>"; };
		271807FE1D534D430091D9D4 /* LKheadModel.m */ = {isa = PBXFileReference; fileEncoding = 4; lastKnownFileType = sourcecode.c.objc; path = LKheadModel.m; sourceTree = "<group>"; };
		274F89091D5C5380008B0B9A /* UITableView+HYBCacheHeight.h */ = {isa = PBXFileReference; fileEncoding = 4; lastKnownFileType = sourcecode.c.h; path = "UITableView+HYBCacheHeight.h"; sourceTree = "<group>"; };
		274F890A1D5C5380008B0B9A /* UITableView+HYBCacheHeight.m */ = {isa = PBXFileReference; fileEncoding = 4; lastKnownFileType = sourcecode.c.objc; path = "UITableView+HYBCacheHeight.m"; sourceTree = "<group>"; };
		274F890B1D5C5380008B0B9A /* UITableViewCell+HYBMasonryAutoCellHeight.h */ = {isa = PBXFileReference; fileEncoding = 4; lastKnownFileType = sourcecode.c.h; path = "UITableViewCell+HYBMasonryAutoCellHeight.h"; sourceTree = "<group>"; };
		274F890C1D5C5380008B0B9A /* UITableViewCell+HYBMasonryAutoCellHeight.m */ = {isa = PBXFileReference; fileEncoding = 4; lastKnownFileType = sourcecode.c.objc; path = "UITableViewCell+HYBMasonryAutoCellHeight.m"; sourceTree = "<group>"; };
		275303421D504F11005AE591 /* LKTool.h */ = {isa = PBXFileReference; fileEncoding = 4; lastKnownFileType = sourcecode.c.h; path = LKTool.h; sourceTree = "<group>"; };
		275303431D504F11005AE591 /* LKTool.m */ = {isa = PBXFileReference; fileEncoding = 4; lastKnownFileType = sourcecode.c.objc; path = LKTool.m; sourceTree = "<group>"; };
		275303451D50503E005AE591 /* LKHomePageViewController.h */ = {isa = PBXFileReference; fileEncoding = 4; lastKnownFileType = sourcecode.c.h; path = LKHomePageViewController.h; sourceTree = "<group>"; };
		275303461D50503E005AE591 /* LKHomePageViewController.m */ = {isa = PBXFileReference; fileEncoding = 4; lastKnownFileType = sourcecode.c.objc; path = LKHomePageViewController.m; sourceTree = "<group>"; };
		275303491D5050AD005AE591 /* LKView.h */ = {isa = PBXFileReference; fileEncoding = 4; lastKnownFileType = sourcecode.c.h; path = LKView.h; sourceTree = "<group>"; };
		2753034A1D5050AD005AE591 /* LKView.m */ = {isa = PBXFileReference; fileEncoding = 4; lastKnownFileType = sourcecode.c.objc; path = LKView.m; sourceTree = "<group>"; };
		2753034B1D5050AD005AE591 /* LKViewProtocol.h */ = {isa = PBXFileReference; fileEncoding = 4; lastKnownFileType = sourcecode.c.h; path = LKViewProtocol.h; sourceTree = "<group>"; };
		2753034D1D5050AD005AE591 /* LKViewController.h */ = {isa = PBXFileReference; fileEncoding = 4; lastKnownFileType = sourcecode.c.h; path = LKViewController.h; sourceTree = "<group>"; };
		2753034E1D5050AD005AE591 /* LKViewController.m */ = {isa = PBXFileReference; fileEncoding = 4; lastKnownFileType = sourcecode.c.objc; path = LKViewController.m; sourceTree = "<group>"; };
		2753034F1D5050AD005AE591 /* LKViewControllerProtocol.h */ = {isa = PBXFileReference; fileEncoding = 4; lastKnownFileType = sourcecode.c.h; path = LKViewControllerProtocol.h; sourceTree = "<group>"; };
		275303511D5050AD005AE591 /* LKViewModel.h */ = {isa = PBXFileReference; fileEncoding = 4; lastKnownFileType = sourcecode.c.h; path = LKViewModel.h; sourceTree = "<group>"; };
		275303521D5050AD005AE591 /* LKViewModel.m */ = {isa = PBXFileReference; fileEncoding = 4; lastKnownFileType = sourcecode.c.objc; path = LKViewModel.m; sourceTree = "<group>"; };
		275303531D5050AD005AE591 /* LKViewModelProtocol.h */ = {isa = PBXFileReference; fileEncoding = 4; lastKnownFileType = sourcecode.c.h; path = LKViewModelProtocol.h; sourceTree = "<group>"; };
		275303851D50734D005AE591 /* loading.png */ = {isa = PBXFileReference; lastKnownFileType = image.png; path = loading.png; sourceTree = "<group>"; };
		275303861D50734D005AE591 /* loading@2x.png */ = {isa = PBXFileReference; lastKnownFileType = image.png; path = "loading@2x.png"; sourceTree = "<group>"; };
		275303871D50734D005AE591 /* loading@3x.png */ = {isa = PBXFileReference; lastKnownFileType = image.png; path = "loading@3x.png"; sourceTree = "<group>"; };
		275303F71D50881A005AE591 /* LKTableViewCell.h */ = {isa = PBXFileReference; fileEncoding = 4; lastKnownFileType = sourcecode.c.h; path = LKTableViewCell.h; sourceTree = "<group>"; };
		275303F81D50881A005AE591 /* LKTableViewCell.m */ = {isa = PBXFileReference; fileEncoding = 4; lastKnownFileType = sourcecode.c.objc; path = LKTableViewCell.m; sourceTree = "<group>"; };
		275303FA1D508839005AE591 /* LKTableViewCellProtocol.h */ = {isa = PBXFileReference; fileEncoding = 4; lastKnownFileType = sourcecode.c.h; path = LKTableViewCellProtocol.h; sourceTree = "<group>"; };
		275304001D50951A005AE591 /* list_button@2x.png */ = {isa = PBXFileReference; lastKnownFileType = image.png; path = "list_button@2x.png"; sourceTree = "<group>"; };
		275304011D50951A005AE591 /* list_button@3x.png */ = {isa = PBXFileReference; lastKnownFileType = image.png; path = "list_button@3x.png"; sourceTree = "<group>"; };
		275304051D50A29A005AE591 /* RECommonFunctions.h */ = {isa = PBXFileReference; fileEncoding = 4; lastKnownFileType = sourcecode.c.h; path = RECommonFunctions.h; sourceTree = "<group>"; };
		275304061D50A29A005AE591 /* RECommonFunctions.m */ = {isa = PBXFileReference; fileEncoding = 4; lastKnownFileType = sourcecode.c.objc; path = RECommonFunctions.m; sourceTree = "<group>"; };
		275304071D50A29A005AE591 /* RESideMenu.h */ = {isa = PBXFileReference; fileEncoding = 4; lastKnownFileType = sourcecode.c.h; path = RESideMenu.h; sourceTree = "<group>"; };
		275304081D50A29A005AE591 /* RESideMenu.m */ = {isa = PBXFileReference; fileEncoding = 4; lastKnownFileType = sourcecode.c.objc; path = RESideMenu.m; sourceTree = "<group>"; };
		275304091D50A29A005AE591 /* UIViewController+RESideMenu.h */ = {isa = PBXFileReference; fileEncoding = 4; lastKnownFileType = sourcecode.c.h; path = "UIViewController+RESideMenu.h"; sourceTree = "<group>"; };
		2753040A1D50A29A005AE591 /* UIViewController+RESideMenu.m */ = {isa = PBXFileReference; fileEncoding = 4; lastKnownFileType = sourcecode.c.objc; path = "UIViewController+RESideMenu.m"; sourceTree = "<group>"; };
		2753040E1D50A313005AE591 /* LKLeftMenuViewController.h */ = {isa = PBXFileReference; fileEncoding = 4; lastKnownFileType = sourcecode.c.h; path = LKLeftMenuViewController.h; sourceTree = "<group>"; };
		2753040F1D50A313005AE591 /* LKLeftMenuViewController.m */ = {isa = PBXFileReference; fileEncoding = 4; lastKnownFileType = sourcecode.c.objc; path = LKLeftMenuViewController.m; sourceTree = "<group>"; };
		27625F8B1D51810D00D55A46 /* Stars@2x.png */ = {isa = PBXFileReference; lastKnownFileType = image.png; path = "Stars@2x.png"; sourceTree = "<group>"; };
		27625FD41D51CEAF00D55A46 /* UINavigationBar+Awesome.h */ = {isa = PBXFileReference; fileEncoding = 4; lastKnownFileType = sourcecode.c.h; path = "UINavigationBar+Awesome.h"; sourceTree = "<group>"; };
		27625FD51D51CEAF00D55A46 /* UINavigationBar+Awesome.m */ = {isa = PBXFileReference; fileEncoding = 4; lastKnownFileType = sourcecode.c.objc; path = "UINavigationBar+Awesome.m"; sourceTree = "<group>"; };
		27625FD61D51CEAF00D55A46 /* TYBasePageTabBar.h */ = {isa = PBXFileReference; fileEncoding = 4; lastKnownFileType = sourcecode.c.h; path = TYBasePageTabBar.h; sourceTree = "<group>"; };
		27625FD71D51CEAF00D55A46 /* TYBasePageTabBar.m */ = {isa = PBXFileReference; fileEncoding = 4; lastKnownFileType = sourcecode.c.objc; path = TYBasePageTabBar.m; sourceTree = "<group>"; };
		27625FD81D51CEAF00D55A46 /* TYSlidePageScrollView.h */ = {isa = PBXFileReference; fileEncoding = 4; lastKnownFileType = sourcecode.c.h; path = TYSlidePageScrollView.h; sourceTree = "<group>"; };
		27625FD91D51CEAF00D55A46 /* TYSlidePageScrollView.m */ = {isa = PBXFileReference; fileEncoding = 4; lastKnownFileType = sourcecode.c.objc; path = TYSlidePageScrollView.m; sourceTree = "<group>"; };
		27625FDA1D51CEAF00D55A46 /* TYSlidePageScrollViewController.h */ = {isa = PBXFileReference; fileEncoding = 4; lastKnownFileType = sourcecode.c.h; path = TYSlidePageScrollViewController.h; sourceTree = "<group>"; };
		27625FDB1D51CEAF00D55A46 /* TYSlidePageScrollViewController.m */ = {isa = PBXFileReference; fileEncoding = 4; lastKnownFileType = sourcecode.c.objc; path = TYSlidePageScrollViewController.m; sourceTree = "<group>"; };
		27625FDC1D51CEAF00D55A46 /* TYTitlePageTabBar.h */ = {isa = PBXFileReference; fileEncoding = 4; lastKnownFileType = sourcecode.c.h; path = TYTitlePageTabBar.h; sourceTree = "<group>"; };
		27625FDD1D51CEAF00D55A46 /* TYTitlePageTabBar.m */ = {isa = PBXFileReference; fileEncoding = 4; lastKnownFileType = sourcecode.c.objc; path = TYTitlePageTabBar.m; sourceTree = "<group>"; };
		27625FDE1D51CEAF00D55A46 /* UIScrollView+ty_swizzle.h */ = {isa = PBXFileReference; fileEncoding = 4; lastKnownFileType = sourcecode.c.h; path = "UIScrollView+ty_swizzle.h"; sourceTree = "<group>"; };
		27625FDF1D51CEAF00D55A46 /* UIScrollView+ty_swizzle.m */ = {isa = PBXFileReference; fileEncoding = 4; lastKnownFileType = sourcecode.c.objc; path = "UIScrollView+ty_swizzle.m"; sourceTree = "<group>"; };
		2770F0761D596B3500DCD547 /* LKCell.h */ = {isa = PBXFileReference; fileEncoding = 4; lastKnownFileType = sourcecode.c.h; path = LKCell.h; sourceTree = "<group>"; };
		2770F0771D596B3500DCD547 /* LKCell.m */ = {isa = PBXFileReference; fileEncoding = 4; lastKnownFileType = sourcecode.c.objc; path = LKCell.m; sourceTree = "<group>"; };
		2770F0791D596BD200DCD547 /* LKCellModel.h */ = {isa = PBXFileReference; fileEncoding = 4; lastKnownFileType = sourcecode.c.h; path = LKCellModel.h; sourceTree = "<group>"; };
		2770F07A1D596BD200DCD547 /* LKCellModel.m */ = {isa = PBXFileReference; fileEncoding = 4; lastKnownFileType = sourcecode.c.objc; path = LKCellModel.m; sourceTree = "<group>"; };
		2770F07C1D596BDC00DCD547 /* LKModel.h */ = {isa = PBXFileReference; fileEncoding = 4; lastKnownFileType = sourcecode.c.h; path = LKModel.h; sourceTree = "<group>"; };
		2770F07D1D596BDC00DCD547 /* LKModel.m */ = {isa = PBXFileReference; fileEncoding = 4; lastKnownFileType = sourcecode.c.objc; path = LKModel.m; sourceTree = "<group>"; };
		2770F0821D59895B00DCD547 /* LKTableViewController.h */ = {isa = PBXFileReference; fileEncoding = 4; lastKnownFileType = sourcecode.c.h; path = LKTableViewController.h; sourceTree = "<group>"; };
		2770F0831D59895B00DCD547 /* LKTableViewController.m */ = {isa = PBXFileReference; fileEncoding = 4; lastKnownFileType = sourcecode.c.objc; path = LKTableViewController.m; sourceTree = "<group>"; };
		2772DF161D5481DD0015083C /* LKheadViewModel.h */ = {isa = PBXFileReference; fileEncoding = 4; lastKnownFileType = sourcecode.c.h; path = LKheadViewModel.h; sourceTree = "<group>"; };
		2772DF171D5481DD0015083C /* LKheadViewModel.m */ = {isa = PBXFileReference; fileEncoding = 4; lastKnownFileType = sourcecode.c.objc; path = LKheadViewModel.m; sourceTree = "<group>"; };
		2772DF191D5488A10015083C /* LKRequest.h */ = {isa = PBXFileReference; fileEncoding = 4; lastKnownFileType = sourcecode.c.h; path = LKRequest.h; sourceTree = "<group>"; };
		2772DF1A1D5488A10015083C /* LKRequest.m */ = {isa = PBXFileReference; fileEncoding = 4; lastKnownFileType = sourcecode.c.objc; path = LKRequest.m; sourceTree = "<group>"; };
		27BFDB541D585D38009B0C98 /* Foundation+Log.m */ = {isa = PBXFileReference; fileEncoding = 4; lastKnownFileType = sourcecode.c.objc; path = "Foundation+Log.m"; sourceTree = "<group>"; };
		27BFDB591D587124009B0C98 /* LKPageTabBarViewModel.h */ = {isa = PBXFileReference; fileEncoding = 4; lastKnownFileType = sourcecode.c.h; path = LKPageTabBarViewModel.h; sourceTree = "<group>"; };
		27BFDB5A1D587124009B0C98 /* LKPageTabBarViewModel.m */ = {isa = PBXFileReference; fileEncoding = 4; lastKnownFileType = sourcecode.c.objc; path = LKPageTabBarViewModel.m; sourceTree = "<group>"; };
		27BFDB5C1D587183009B0C98 /* LKPageTabBarModel.h */ = {isa = PBXFileReference; fileEncoding = 4; lastKnownFileType = sourcecode.c.h; path = LKPageTabBarModel.h; sourceTree = "<group>"; };
		27BFDB5D1D587183009B0C98 /* LKPageTabBarModel.m */ = {isa = PBXFileReference; fileEncoding = 4; lastKnownFileType = sourcecode.c.objc; path = LKPageTabBarModel.m; sourceTree = "<group>"; };
		27BFDB5F1D58753D009B0C98 /* success.png */ = {isa = PBXFileReference; lastKnownFileType = image.png; path = success.png; sourceTree = "<group>"; };
		27BFDB601D58753D009B0C98 /* success@2x.png */ = {isa = PBXFileReference; lastKnownFileType = image.png; path = "success@2x.png"; sourceTree = "<group>"; };
		27BFDB611D58753D009B0C98 /* success@3x.png */ = {isa = PBXFileReference; lastKnownFileType = image.png; path = "success@3x.png"; sourceTree = "<group>"; };
		27BFDB651D587554009B0C98 /* error.png */ = {isa = PBXFileReference; lastKnownFileType = image.png; path = error.png; sourceTree = "<group>"; };
		8A8D8907DF3951A5439D26F9 /* Pods-MVVM.debug.xcconfig */ = {isa = PBXFileReference; includeInIndex = 1; lastKnownFileType = text.xcconfig; name = "Pods-MVVM.debug.xcconfig"; path = "Pods/Target Support Files/Pods-MVVM/Pods-MVVM.debug.xcconfig"; sourceTree = "<group>"; };
		B4D8D6E42AD379B0D5A4A996 /* Pods_MVVM.framework */ = {isa = PBXFileReference; explicitFileType = wrapper.framework; includeInIndex = 0; path = Pods_MVVM.framework; sourceTree = BUILT_PRODUCTS_DIR; };
		CED0DC49B67B373F67B8DE31 /* Pods-MVVM.release.xcconfig */ = {isa = PBXFileReference; includeInIndex = 1; lastKnownFileType = text.xcconfig; name = "Pods-MVVM.release.xcconfig"; path = "Pods/Target Support Files/Pods-MVVM/Pods-MVVM.release.xcconfig"; sourceTree = "<group>"; };
/* End PBXFileReference section */

/* Begin PBXFrameworksBuildPhase section */
		270659151D4F101200044350 /* Frameworks */ = {
			isa = PBXFrameworksBuildPhase;
			buildActionMask = 2147483647;
			files = (
				BAEB126055E25C82118B86BA /* Pods_MVVM.framework in Frameworks */,
			);
			runOnlyForDeploymentPostprocessing = 0;
		};
		2706592E1D4F101200044350 /* Frameworks */ = {
			isa = PBXFrameworksBuildPhase;
			buildActionMask = 2147483647;
			files = (
			);
			runOnlyForDeploymentPostprocessing = 0;
		};
		270659391D4F101200044350 /* Frameworks */ = {
			isa = PBXFrameworksBuildPhase;
			buildActionMask = 2147483647;
			files = (
			);
			runOnlyForDeploymentPostprocessing = 0;
		};
/* End PBXFrameworksBuildPhase section */

/* Begin PBXGroup section */
		2706590F1D4F101200044350 = {
			isa = PBXGroup;
			children = (
				2706591A1D4F101200044350 /* MVVM */,
				270659341D4F101200044350 /* MVVMTests */,
				2706593F1D4F101200044350 /* MVVMUITests */,
				270659191D4F101200044350 /* Products */,
				49531CA9858F461DA247662F /* Pods */,
				D7FB815E25670C30AB6EA0F2 /* Frameworks */,
			);
			sourceTree = "<group>";
		};
		270659191D4F101200044350 /* Products */ = {
			isa = PBXGroup;
			children = (
				270659181D4F101200044350 /* MVVM.app */,
				270659311D4F101200044350 /* MVVMTests.xctest */,
				2706593C1D4F101200044350 /* MVVMUITests.xctest */,
			);
			name = Products;
			sourceTree = "<group>";
		};
		2706591A1D4F101200044350 /* MVVM */ = {
			isa = PBXGroup;
			children = (
				2706596D1D4F1AFE00044350 /* APPDelegate */,
				2706594E1D4F1AB400044350 /* Class */,
				270659271D4F101200044350 /* Assets.xcassets */,
				270659291D4F101200044350 /* LaunchScreen.storyboard */,
				2706592C1D4F101200044350 /* Info.plist */,
				2706591B1D4F101200044350 /* Supporting Files */,
			);
			path = MVVM;
			sourceTree = "<group>";
		};
		2706591B1D4F101200044350 /* Supporting Files */ = {
			isa = PBXGroup;
			children = (
				2706591C1D4F101200044350 /* main.m */,
				2706598B1D4F23C300044350 /* PrefixHeader.pch */,
			);
			name = "Supporting Files";
			sourceTree = "<group>";
		};
		270659341D4F101200044350 /* MVVMTests */ = {
			isa = PBXGroup;
			children = (
				270659351D4F101200044350 /* MVVMTests.m */,
				270659371D4F101200044350 /* Info.plist */,
			);
			path = MVVMTests;
			sourceTree = "<group>";
		};
		2706593F1D4F101200044350 /* MVVMUITests */ = {
			isa = PBXGroup;
			children = (
				270659401D4F101200044350 /* MVVMUITests.m */,
				270659421D4F101200044350 /* Info.plist */,
			);
			path = MVVMUITests;
			sourceTree = "<group>";
		};
		2706594E1D4F1AB400044350 /* Class */ = {
			isa = PBXGroup;
			children = (
				2706594F1D4F1AB400044350 /* General */,
				270659551D4F1AB400044350 /* Helpers */,
				270659561D4F1AB400044350 /* Macro */,
				270659571D4F1AB400044350 /* PHP */,
				2706596C1D4F1AB400044350 /* Resource */,
				270659711D4F1C0400044350 /* Vendors */,
			);
			path = Class;
			sourceTree = "<group>";
		};
		2706594F1D4F1AB400044350 /* General */ = {
			isa = PBXGroup;
			children = (
				270659501D4F1AB400044350 /* Base */,
				270659511D4F1AB400044350 /* Categories */,
				270659521D4F1AB400044350 /* Core */,
				270659531D4F1AB400044350 /* Models */,
				270659541D4F1AB400044350 /* Views */,
			);
			path = General;
			sourceTree = "<group>";
		};
		270659501D4F1AB400044350 /* Base */ = {
			isa = PBXGroup;
			children = (
				2753034C1D5050AD005AE591 /* ViewController */,
				275303481D5050AD005AE591 /* View */,
				275303501D5050AD005AE591 /* ViewModel */,
				275303F61D5087FD005AE591 /* TableViewCell */,
				270659961D4F455600044350 /* LKTabbarController.h */,
				270659971D4F455600044350 /* LKTabbarController.m */,
				270659991D4F457600044350 /* LKNavigationController.h */,
				2706599A1D4F457600044350 /* LKNavigationController.m */,
			);
			path = Base;
			sourceTree = "<group>";
		};
		270659511D4F1AB400044350 /* Categories */ = {
			isa = PBXGroup;
			children = (
				270659A81D4F4E0500044350 /* UIImage+LKExtention.h */,
				270659A91D4F4E0500044350 /* UIImage+LKExtention.m */,
			);
			path = Categories;
			sourceTree = "<group>";
		};
		270659521D4F1AB400044350 /* Core */ = {
			isa = PBXGroup;
			children = (
			);
			path = Core;
			sourceTree = "<group>";
		};
		270659531D4F1AB400044350 /* Models */ = {
			isa = PBXGroup;
			children = (
			);
			path = Models;
			sourceTree = "<group>";
		};
		270659541D4F1AB400044350 /* Views */ = {
			isa = PBXGroup;
			children = (
			);
			path = Views;
			sourceTree = "<group>";
		};
		270659551D4F1AB400044350 /* Helpers */ = {
			isa = PBXGroup;
			children = (
				275303421D504F11005AE591 /* LKTool.h */,
				275303431D504F11005AE591 /* LKTool.m */,
				2772DF191D5488A10015083C /* LKRequest.h */,
				2772DF1A1D5488A10015083C /* LKRequest.m */,
			);
			path = Helpers;
			sourceTree = "<group>";
		};
		270659561D4F1AB400044350 /* Macro */ = {
			isa = PBXGroup;
			children = (
				2706598D1D4F243300044350 /* APIMacro.h */,
				2706598C1D4F23EA00044350 /* NotificationMacro.h */,
				2706598E1D4F24C400044350 /* Definition.h */,
			);
			path = Macro;
			sourceTree = "<group>";
		};
		270659571D4F1AB400044350 /* PHP */ = {
			isa = PBXGroup;
			children = (
				270659581D4F1AB400044350 /* Classify */,
				2706595D1D4F1AB400044350 /* HomePage */,
				270659621D4F1AB400044350 /* Mine */,
				270659671D4F1AB400044350 /* SingleGoods */,
			);
			path = PHP;
			sourceTree = "<group>";
		};
		270659581D4F1AB400044350 /* Classify */ = {
			isa = PBXGroup;
			children = (
				270659591D4F1AB400044350 /* Models */,
				2706595A1D4F1AB400044350 /* ViewControllers */,
				2706595B1D4F1AB400044350 /* ViewModels */,
				2706595C1D4F1AB400044350 /* Views */,
			);
			path = Classify;
			sourceTree = "<group>";
		};
		270659591D4F1AB400044350 /* Models */ = {
			isa = PBXGroup;
			children = (
			);
			path = Models;
			sourceTree = "<group>";
		};
		2706595A1D4F1AB400044350 /* ViewControllers */ = {
			isa = PBXGroup;
			children = (
				2706599F1D4F4C6900044350 /* LKClassifyViewController.h */,
				270659A01D4F4C6900044350 /* LKClassifyViewController.m */,
			);
			path = ViewControllers;
			sourceTree = "<group>";
		};
		2706595B1D4F1AB400044350 /* ViewModels */ = {
			isa = PBXGroup;
			children = (
			);
			path = ViewModels;
			sourceTree = "<group>";
		};
		2706595C1D4F1AB400044350 /* Views */ = {
			isa = PBXGroup;
			children = (
			);
			path = Views;
			sourceTree = "<group>";
		};
		2706595D1D4F1AB400044350 /* HomePage */ = {
			isa = PBXGroup;
			children = (
				2706595E1D4F1AB400044350 /* Models */,
				2706595F1D4F1AB400044350 /* ViewControllers */,
				270659601D4F1AB400044350 /* ViewModels */,
				270659611D4F1AB400044350 /* Views */,
			);
			path = HomePage;
			sourceTree = "<group>";
		};
		2706595E1D4F1AB400044350 /* Models */ = {
			isa = PBXGroup;
			children = (
				271807FD1D534D430091D9D4 /* LKheadModel.h */,
				271807FE1D534D430091D9D4 /* LKheadModel.m */,
				27BFDB5C1D587183009B0C98 /* LKPageTabBarModel.h */,
				27BFDB5D1D587183009B0C98 /* LKPageTabBarModel.m */,
				2770F07C1D596BDC00DCD547 /* LKModel.h */,
				2770F07D1D596BDC00DCD547 /* LKModel.m */,
			);
			path = Models;
			sourceTree = "<group>";
		};
		2706595F1D4F1AB400044350 /* ViewControllers */ = {
			isa = PBXGroup;
			children = (
				275303451D50503E005AE591 /* LKHomePageViewController.h */,
				275303461D50503E005AE591 /* LKHomePageViewController.m */,
				2770F0821D59895B00DCD547 /* LKTableViewController.h */,
				2770F0831D59895B00DCD547 /* LKTableViewController.m */,
				2753040E1D50A313005AE591 /* LKLeftMenuViewController.h */,
				2753040F1D50A313005AE591 /* LKLeftMenuViewController.m */,
			);
			path = ViewControllers;
			sourceTree = "<group>";
		};
		270659601D4F1AB400044350 /* ViewModels */ = {
			isa = PBXGroup;
			children = (
				2772DF161D5481DD0015083C /* LKheadViewModel.h */,
				2772DF171D5481DD0015083C /* LKheadViewModel.m */,
				27BFDB591D587124009B0C98 /* LKPageTabBarViewModel.h */,
				27BFDB5A1D587124009B0C98 /* LKPageTabBarViewModel.m */,
				2770F0791D596BD200DCD547 /* LKCellModel.h */,
				2770F07A1D596BD200DCD547 /* LKCellModel.m */,
			);
			path = ViewModels;
			sourceTree = "<group>";
		};
		270659611D4F1AB400044350 /* Views */ = {
			isa = PBXGroup;
			children = (
				271807F71D5345670091D9D4 /* LKHeadView.h */,
				271807F81D5345670091D9D4 /* LKHeadView.m */,
				2770F0761D596B3500DCD547 /* LKCell.h */,
				2770F0771D596B3500DCD547 /* LKCell.m */,
			);
			path = Views;
			sourceTree = "<group>";
		};
		270659621D4F1AB400044350 /* Mine */ = {
			isa = PBXGroup;
			children = (
				270659631D4F1AB400044350 /* Models */,
				270659641D4F1AB400044350 /* ViewControllers */,
				270659651D4F1AB400044350 /* ViewModels */,
				270659661D4F1AB400044350 /* Views */,
			);
			path = Mine;
			sourceTree = "<group>";
		};
		270659631D4F1AB400044350 /* Models */ = {
			isa = PBXGroup;
			children = (
			);
			path = Models;
			sourceTree = "<group>";
		};
		270659641D4F1AB400044350 /* ViewControllers */ = {
			isa = PBXGroup;
			children = (
				270659A51D4F4C9000044350 /* LKMineViewController.h */,
				270659A61D4F4C9000044350 /* LKMineViewController.m */,
			);
			path = ViewControllers;
			sourceTree = "<group>";
		};
		270659651D4F1AB400044350 /* ViewModels */ = {
			isa = PBXGroup;
			children = (
			);
			path = ViewModels;
			sourceTree = "<group>";
		};
		270659661D4F1AB400044350 /* Views */ = {
			isa = PBXGroup;
			children = (
			);
			path = Views;
			sourceTree = "<group>";
		};
		270659671D4F1AB400044350 /* SingleGoods */ = {
			isa = PBXGroup;
			children = (
				270659681D4F1AB400044350 /* Models */,
				270659691D4F1AB400044350 /* ViewControllers */,
				2706596A1D4F1AB400044350 /* ViewModels */,
				2706596B1D4F1AB400044350 /* Views */,
			);
			path = SingleGoods;
			sourceTree = "<group>";
		};
		270659681D4F1AB400044350 /* Models */ = {
			isa = PBXGroup;
			children = (
			);
			path = Models;
			sourceTree = "<group>";
		};
		270659691D4F1AB400044350 /* ViewControllers */ = {
			isa = PBXGroup;
			children = (
				270659A21D4F4C8400044350 /* LKSingleGoodsViewController.h */,
				270659A31D4F4C8400044350 /* LKSingleGoodsViewController.m */,
			);
			path = ViewControllers;
			sourceTree = "<group>";
		};
		2706596A1D4F1AB400044350 /* ViewModels */ = {
			isa = PBXGroup;
			children = (
			);
			path = ViewModels;
			sourceTree = "<group>";
		};
		2706596B1D4F1AB400044350 /* Views */ = {
			isa = PBXGroup;
			children = (
			);
			path = Views;
			sourceTree = "<group>";
		};
		2706596C1D4F1AB400044350 /* Resource */ = {
			isa = PBXGroup;
			children = (
				275303FF1D50950F005AE591 /* image */,
				275303841D50734D005AE591 /* iOS */,
			);
			path = Resource;
			sourceTree = "<group>";
		};
		2706596D1D4F1AFE00044350 /* APPDelegate */ = {
			isa = PBXGroup;
			children = (
				2706596E1D4F1AFE00044350 /* AppDelegate.h */,
				2706596F1D4F1AFE00044350 /* AppDelegate.m */,
			);
			path = APPDelegate;
			sourceTree = "<group>";
		};
		270659711D4F1C0400044350 /* Vendors */ = {
			isa = PBXGroup;
			children = (
				274F89081D5C5380008B0B9A /* HYBMasonryAutoCellHeight */,
				27BFDB541D585D38009B0C98 /* Foundation+Log.m */,
				27625FD21D51CEAF00D55A46 /* TYSlidePageScrollView */,
				275304041D50A29A005AE591 /* RESideMenu */,
				270659781D4F1FA600044350 /* XTPopView */,
				270659721D4F1F2E00044350 /* MBProgressHUD+YT.h */,
				270659731D4F1F2E00044350 /* MBProgressHUD+YT.m */,
			);
			path = Vendors;
			sourceTree = "<group>";
		};
		270659781D4F1FA600044350 /* XTPopView */ = {
			isa = PBXGroup;
			children = (
				270659791D4F1FA600044350 /* XTPopNormalView.h */,
				2706597A1D4F1FA600044350 /* XTPopNormalView.m */,
				2706597B1D4F1FA600044350 /* XTPopTableView.h */,
				2706597C1D4F1FA600044350 /* XTPopTableView.m */,
				2706597D1D4F1FA600044350 /* XTPopView.h */,
				2706597E1D4F1FA600044350 /* XTPopViewBase.h */,
				2706597F1D4F1FA600044350 /* XTPopViewBase.m */,
			);
			path = XTPopView;
			sourceTree = "<group>";
		};
		274F89081D5C5380008B0B9A /* HYBMasonryAutoCellHeight */ = {
			isa = PBXGroup;
			children = (
				274F89091D5C5380008B0B9A /* UITableView+HYBCacheHeight.h */,
				274F890A1D5C5380008B0B9A /* UITableView+HYBCacheHeight.m */,
				274F890B1D5C5380008B0B9A /* UITableViewCell+HYBMasonryAutoCellHeight.h */,
				274F890C1D5C5380008B0B9A /* UITableViewCell+HYBMasonryAutoCellHeight.m */,
			);
			path = HYBMasonryAutoCellHeight;
			sourceTree = "<group>";
		};
		275303481D5050AD005AE591 /* View */ = {
			isa = PBXGroup;
			children = (
				275303491D5050AD005AE591 /* LKView.h */,
				2753034A1D5050AD005AE591 /* LKView.m */,
				2753034B1D5050AD005AE591 /* LKViewProtocol.h */,
			);
			path = View;
			sourceTree = "<group>";
		};
		2753034C1D5050AD005AE591 /* ViewController */ = {
			isa = PBXGroup;
			children = (
				2753034D1D5050AD005AE591 /* LKViewController.h */,
				2753034E1D5050AD005AE591 /* LKViewController.m */,
				2753034F1D5050AD005AE591 /* LKViewControllerProtocol.h */,
			);
			path = ViewController;
			sourceTree = "<group>";
		};
		275303501D5050AD005AE591 /* ViewModel */ = {
			isa = PBXGroup;
			children = (
				275303511D5050AD005AE591 /* LKViewModel.h */,
				275303521D5050AD005AE591 /* LKViewModel.m */,
				275303531D5050AD005AE591 /* LKViewModelProtocol.h */,
			);
			path = ViewModel;
			sourceTree = "<group>";
		};
		275303841D50734D005AE591 /* iOS */ = {
			isa = PBXGroup;
			children = (
				275303851D50734D005AE591 /* loading.png */,
				275303861D50734D005AE591 /* loading@2x.png */,
				275303871D50734D005AE591 /* loading@3x.png */,
			);
			path = iOS;
			sourceTree = "<group>";
		};
		275303F61D5087FD005AE591 /* TableViewCell */ = {
			isa = PBXGroup;
			children = (
				275303F71D50881A005AE591 /* LKTableViewCell.h */,
				275303F81D50881A005AE591 /* LKTableViewCell.m */,
				275303FA1D508839005AE591 /* LKTableViewCellProtocol.h */,
			);
			path = TableViewCell;
			sourceTree = "<group>";
		};
		275303FF1D50950F005AE591 /* image */ = {
			isa = PBXGroup;
			children = (
				27BFDB651D587554009B0C98 /* error.png */,
				27BFDB5F1D58753D009B0C98 /* success.png */,
				27BFDB601D58753D009B0C98 /* success@2x.png */,
				27BFDB611D58753D009B0C98 /* success@3x.png */,
				27625F8B1D51810D00D55A46 /* Stars@2x.png */,
				275304001D50951A005AE591 /* list_button@2x.png */,
				275304011D50951A005AE591 /* list_button@3x.png */,
			);
			name = image;
			sourceTree = "<group>";
		};
		275304041D50A29A005AE591 /* RESideMenu */ = {
			isa = PBXGroup;
			children = (
				275304051D50A29A005AE591 /* RECommonFunctions.h */,
				275304061D50A29A005AE591 /* RECommonFunctions.m */,
				275304071D50A29A005AE591 /* RESideMenu.h */,
				275304081D50A29A005AE591 /* RESideMenu.m */,
				275304091D50A29A005AE591 /* UIViewController+RESideMenu.h */,
				2753040A1D50A29A005AE591 /* UIViewController+RESideMenu.m */,
			);
			path = RESideMenu;
			sourceTree = "<group>";
		};
		27625FD21D51CEAF00D55A46 /* TYSlidePageScrollView */ = {
			isa = PBXGroup;
			children = (
				27625FD31D51CEAF00D55A46 /* Navigation */,
				27625FD61D51CEAF00D55A46 /* TYBasePageTabBar.h */,
				27625FD71D51CEAF00D55A46 /* TYBasePageTabBar.m */,
				27625FD81D51CEAF00D55A46 /* TYSlidePageScrollView.h */,
				27625FD91D51CEAF00D55A46 /* TYSlidePageScrollView.m */,
				27625FDA1D51CEAF00D55A46 /* TYSlidePageScrollViewController.h */,
				27625FDB1D51CEAF00D55A46 /* TYSlidePageScrollViewController.m */,
				27625FDC1D51CEAF00D55A46 /* TYTitlePageTabBar.h */,
				27625FDD1D51CEAF00D55A46 /* TYTitlePageTabBar.m */,
				27625FDE1D51CEAF00D55A46 /* UIScrollView+ty_swizzle.h */,
				27625FDF1D51CEAF00D55A46 /* UIScrollView+ty_swizzle.m */,
			);
			path = TYSlidePageScrollView;
			sourceTree = "<group>";
		};
		27625FD31D51CEAF00D55A46 /* Navigation */ = {
			isa = PBXGroup;
			children = (
				27625FD41D51CEAF00D55A46 /* UINavigationBar+Awesome.h */,
				27625FD51D51CEAF00D55A46 /* UINavigationBar+Awesome.m */,
			);
			path = Navigation;
			sourceTree = "<group>";
		};
		49531CA9858F461DA247662F /* Pods */ = {
			isa = PBXGroup;
			children = (
				8A8D8907DF3951A5439D26F9 /* Pods-MVVM.debug.xcconfig */,
				CED0DC49B67B373F67B8DE31 /* Pods-MVVM.release.xcconfig */,
			);
			name = Pods;
			sourceTree = "<group>";
		};
		D7FB815E25670C30AB6EA0F2 /* Frameworks */ = {
			isa = PBXGroup;
			children = (
				B4D8D6E42AD379B0D5A4A996 /* Pods_MVVM.framework */,
			);
			name = Frameworks;
			sourceTree = "<group>";
		};
/* End PBXGroup section */

/* Begin PBXNativeTarget section */
		270659171D4F101200044350 /* MVVM */ = {
			isa = PBXNativeTarget;
			buildConfigurationList = 270659451D4F101200044350 /* Build configuration list for PBXNativeTarget "MVVM" */;
			buildPhases = (
				B5266CF1E94CF5147DB8F6E5 /* Check Pods Manifest.lock */,
				270659141D4F101200044350 /* Sources */,
				270659151D4F101200044350 /* Frameworks */,
				270659161D4F101200044350 /* Resources */,
				DEF3DCB19742A7875CFB0AC2 /* Embed Pods Frameworks */,
				E16E101A52362F5BD7044936 /* Copy Pods Resources */,
			);
			buildRules = (
			);
			dependencies = (
			);
			name = MVVM;
			productName = MVVM;
			productReference = 270659181D4F101200044350 /* MVVM.app */;
			productType = "com.apple.product-type.application";
		};
		270659301D4F101200044350 /* MVVMTests */ = {
			isa = PBXNativeTarget;
			buildConfigurationList = 270659481D4F101200044350 /* Build configuration list for PBXNativeTarget "MVVMTests" */;
			buildPhases = (
				2706592D1D4F101200044350 /* Sources */,
				2706592E1D4F101200044350 /* Frameworks */,
				2706592F1D4F101200044350 /* Resources */,
			);
			buildRules = (
			);
			dependencies = (
				270659331D4F101200044350 /* PBXTargetDependency */,
			);
			name = MVVMTests;
			productName = MVVMTests;
			productReference = 270659311D4F101200044350 /* MVVMTests.xctest */;
			productType = "com.apple.product-type.bundle.unit-test";
		};
		2706593B1D4F101200044350 /* MVVMUITests */ = {
			isa = PBXNativeTarget;
			buildConfigurationList = 2706594B1D4F101200044350 /* Build configuration list for PBXNativeTarget "MVVMUITests" */;
			buildPhases = (
				270659381D4F101200044350 /* Sources */,
				270659391D4F101200044350 /* Frameworks */,
				2706593A1D4F101200044350 /* Resources */,
			);
			buildRules = (
			);
			dependencies = (
				2706593E1D4F101200044350 /* PBXTargetDependency */,
			);
			name = MVVMUITests;
			productName = MVVMUITests;
			productReference = 2706593C1D4F101200044350 /* MVVMUITests.xctest */;
			productType = "com.apple.product-type.bundle.ui-testing";
		};
/* End PBXNativeTarget section */

/* Begin PBXProject section */
		270659101D4F101200044350 /* Project object */ = {
			isa = PBXProject;
			attributes = {
				CLASSPREFIX = LK;
				LastUpgradeCheck = 0730;
				ORGANIZATIONNAME = LK;
				TargetAttributes = {
					270659171D4F101200044350 = {
						CreatedOnToolsVersion = 7.3.1;
						DevelopmentTeam = G72QK5M3WP;
					};
					270659301D4F101200044350 = {
						CreatedOnToolsVersion = 7.3.1;
						DevelopmentTeam = G72QK5M3WP;
						TestTargetID = 270659171D4F101200044350;
					};
					2706593B1D4F101200044350 = {
						CreatedOnToolsVersion = 7.3.1;
						DevelopmentTeam = G72QK5M3WP;
						TestTargetID = 270659171D4F101200044350;
					};
				};
			};
			buildConfigurationList = 270659131D4F101200044350 /* Build configuration list for PBXProject "MVVM" */;
			compatibilityVersion = "Xcode 3.2";
			developmentRegion = English;
			hasScannedForEncodings = 0;
			knownRegions = (
				en,
				Base,
			);
			mainGroup = 2706590F1D4F101200044350;
			productRefGroup = 270659191D4F101200044350 /* Products */;
			projectDirPath = "";
			projectRoot = "";
			targets = (
				270659171D4F101200044350 /* MVVM */,
				270659301D4F101200044350 /* MVVMTests */,
				2706593B1D4F101200044350 /* MVVMUITests */,
			);
		};
/* End PBXProject section */

/* Begin PBXResourcesBuildPhase section */
		270659161D4F101200044350 /* Resources */ = {
			isa = PBXResourcesBuildPhase;
			buildActionMask = 2147483647;
			files = (
				275303BD1D50734D005AE591 /* loading.png in Resources */,
				275304031D50951A005AE591 /* list_button@3x.png in Resources */,
				27BFDB661D587554009B0C98 /* error.png in Resources */,
				275303BE1D50734D005AE591 /* loading@2x.png in Resources */,
				275304021D50951A005AE591 /* list_button@2x.png in Resources */,
				27BFDB631D58753D009B0C98 /* success@2x.png in Resources */,
				2706592B1D4F101200044350 /* LaunchScreen.storyboard in Resources */,
				275303BF1D50734D005AE591 /* loading@3x.png in Resources */,
				27BFDB621D58753D009B0C98 /* success.png in Resources */,
				27625F8C1D51810D00D55A46 /* Stars@2x.png in Resources */,
				27BFDB641D58753D009B0C98 /* success@3x.png in Resources */,
				270659281D4F101200044350 /* Assets.xcassets in Resources */,
			);
			runOnlyForDeploymentPostprocessing = 0;
		};
		2706592F1D4F101200044350 /* Resources */ = {
			isa = PBXResourcesBuildPhase;
			buildActionMask = 2147483647;
			files = (
			);
			runOnlyForDeploymentPostprocessing = 0;
		};
		2706593A1D4F101200044350 /* Resources */ = {
			isa = PBXResourcesBuildPhase;
			buildActionMask = 2147483647;
			files = (
			);
			runOnlyForDeploymentPostprocessing = 0;
		};
/* End PBXResourcesBuildPhase section */

/* Begin PBXShellScriptBuildPhase section */
		B5266CF1E94CF5147DB8F6E5 /* Check Pods Manifest.lock */ = {
			isa = PBXShellScriptBuildPhase;
			buildActionMask = 2147483647;
			files = (
			);
			inputPaths = (
			);
			name = "Check Pods Manifest.lock";
			outputPaths = (
			);
			runOnlyForDeploymentPostprocessing = 0;
			shellPath = /bin/sh;
			shellScript = "diff \"${PODS_ROOT}/../Podfile.lock\" \"${PODS_ROOT}/Manifest.lock\" > /dev/null\nif [[ $? != 0 ]] ; then\n    cat << EOM\nerror: The sandbox is not in sync with the Podfile.lock. Run 'pod install' or update your CocoaPods installation.\nEOM\n    exit 1\nfi\n";
			showEnvVarsInLog = 0;
		};
		DEF3DCB19742A7875CFB0AC2 /* Embed Pods Frameworks */ = {
			isa = PBXShellScriptBuildPhase;
			buildActionMask = 2147483647;
			files = (
			);
			inputPaths = (
			);
			name = "Embed Pods Frameworks";
			outputPaths = (
			);
			runOnlyForDeploymentPostprocessing = 0;
			shellPath = /bin/sh;
			shellScript = "\"${SRCROOT}/Pods/Target Support Files/Pods-MVVM/Pods-MVVM-frameworks.sh\"\n";
			showEnvVarsInLog = 0;
		};
		E16E101A52362F5BD7044936 /* Copy Pods Resources */ = {
			isa = PBXShellScriptBuildPhase;
			buildActionMask = 2147483647;
			files = (
			);
			inputPaths = (
			);
			name = "Copy Pods Resources";
			outputPaths = (
			);
			runOnlyForDeploymentPostprocessing = 0;
			shellPath = /bin/sh;
			shellScript = "\"${SRCROOT}/Pods/Target Support Files/Pods-MVVM/Pods-MVVM-resources.sh\"\n";
			showEnvVarsInLog = 0;
		};
/* End PBXShellScriptBuildPhase section */

/* Begin PBXSourcesBuildPhase section */
		270659141D4F101200044350 /* Sources */ = {
			isa = PBXSourcesBuildPhase;
			buildActionMask = 2147483647;
			files = (
				2772DF1B1D5488A10015083C /* LKRequest.m in Sources */,
				27BFDB551D585D38009B0C98 /* Foundation+Log.m in Sources */,
				270659A71D4F4C9000044350 /* LKMineViewController.m in Sources */,
				274F890E1D5C5380008B0B9A /* UITableViewCell+HYBMasonryAutoCellHeight.m in Sources */,
				270659701D4F1AFE00044350 /* AppDelegate.m in Sources */,
				275303541D5050AD005AE591 /* LKView.m in Sources */,
				270659A11D4F4C6900044350 /* LKClassifyViewController.m in Sources */,
				275303561D5050AD005AE591 /* LKViewModel.m in Sources */,
				27625FE51D51CEAF00D55A46 /* UIScrollView+ty_swizzle.m in Sources */,
				270659A41D4F4C8400044350 /* LKSingleGoodsViewController.m in Sources */,
				2753040C1D50A29A005AE591 /* RESideMenu.m in Sources */,
				270659811D4F1FA600044350 /* XTPopTableView.m in Sources */,
				2706591D1D4F101200044350 /* main.m in Sources */,
				2753040B1D50A29A005AE591 /* RECommonFunctions.m in Sources */,
				271807F91D5345670091D9D4 /* LKHeadView.m in Sources */,
				275304101D50A313005AE591 /* LKLeftMenuViewController.m in Sources */,
				270659821D4F1FA600044350 /* XTPopViewBase.m in Sources */,
				271807FF1D534D430091D9D4 /* LKheadModel.m in Sources */,
				275303471D50503E005AE591 /* LKHomePageViewController.m in Sources */,
				27BFDB5E1D587183009B0C98 /* LKPageTabBarModel.m in Sources */,
				274F890D1D5C5380008B0B9A /* UITableView+HYBCacheHeight.m in Sources */,
				27BFDB5B1D587124009B0C98 /* LKPageTabBarViewModel.m in Sources */,
				2772DF181D5481DD0015083C /* LKheadViewModel.m in Sources */,
				270659981D4F455600044350 /* LKTabbarController.m in Sources */,
				2770F0841D59895B00DCD547 /* LKTableViewController.m in Sources */,
				27625FE01D51CEAF00D55A46 /* UINavigationBar+Awesome.m in Sources */,
				270659761D4F1F2E00044350 /* MBProgressHUD+YT.m in Sources */,
				275303551D5050AD005AE591 /* LKViewController.m in Sources */,
				27625FE41D51CEAF00D55A46 /* TYTitlePageTabBar.m in Sources */,
				2753040D1D50A29A005AE591 /* UIViewController+RESideMenu.m in Sources */,
				27625FE11D51CEAF00D55A46 /* TYBasePageTabBar.m in Sources */,
				270659AA1D4F4E0500044350 /* UIImage+LKExtention.m in Sources */,
				275303441D504F11005AE591 /* LKTool.m in Sources */,
				27625FE21D51CEAF00D55A46 /* TYSlidePageScrollView.m in Sources */,
				27625FE31D51CEAF00D55A46 /* TYSlidePageScrollViewController.m in Sources */,
				275303F91D50881A005AE591 /* LKTableViewCell.m in Sources */,
				2706599B1D4F457600044350 /* LKNavigationController.m in Sources */,
				2770F07E1D596BDC00DCD547 /* LKModel.m in Sources */,
				2770F0781D596B3500DCD547 /* LKCell.m in Sources */,
				270659801D4F1FA600044350 /* XTPopNormalView.m in Sources */,
				2770F07B1D596BD200DCD547 /* LKCellModel.m in Sources */,
			);
			runOnlyForDeploymentPostprocessing = 0;
		};
		2706592D1D4F101200044350 /* Sources */ = {
			isa = PBXSourcesBuildPhase;
			buildActionMask = 2147483647;
			files = (
				270659361D4F101200044350 /* MVVMTests.m in Sources */,
			);
			runOnlyForDeploymentPostprocessing = 0;
		};
		270659381D4F101200044350 /* Sources */ = {
			isa = PBXSourcesBuildPhase;
			buildActionMask = 2147483647;
			files = (
				270659411D4F101200044350 /* MVVMUITests.m in Sources */,
			);
			runOnlyForDeploymentPostprocessing = 0;
		};
/* End PBXSourcesBuildPhase section */

/* Begin PBXTargetDependency section */
		270659331D4F101200044350 /* PBXTargetDependency */ = {
			isa = PBXTargetDependency;
			target = 270659171D4F101200044350 /* MVVM */;
			targetProxy = 270659321D4F101200044350 /* PBXContainerItemProxy */;
		};
		2706593E1D4F101200044350 /* PBXTargetDependency */ = {
			isa = PBXTargetDependency;
			target = 270659171D4F101200044350 /* MVVM */;
			targetProxy = 2706593D1D4F101200044350 /* PBXContainerItemProxy */;
		};
/* End PBXTargetDependency section */

/* Begin PBXVariantGroup section */
		270659291D4F101200044350 /* LaunchScreen.storyboard */ = {
			isa = PBXVariantGroup;
			children = (
				2706592A1D4F101200044350 /* Base */,
			);
			name = LaunchScreen.storyboard;
			sourceTree = "<group>";
		};
/* End PBXVariantGroup section */

/* Begin XCBuildConfiguration section */
		270659431D4F101200044350 /* Debug */ = {
			isa = XCBuildConfiguration;
			buildSettings = {
				ALWAYS_SEARCH_USER_PATHS = NO;
				CLANG_ANALYZER_NONNULL = YES;
				CLANG_CXX_LANGUAGE_STANDARD = "gnu++0x";
				CLANG_CXX_LIBRARY = "libc++";
				CLANG_ENABLE_MODULES = YES;
				CLANG_ENABLE_OBJC_ARC = YES;
				CLANG_WARN_BOOL_CONVERSION = YES;
				CLANG_WARN_CONSTANT_CONVERSION = YES;
				CLANG_WARN_DIRECT_OBJC_ISA_USAGE = YES_ERROR;
				CLANG_WARN_EMPTY_BODY = YES;
				CLANG_WARN_ENUM_CONVERSION = YES;
				CLANG_WARN_INT_CONVERSION = YES;
				CLANG_WARN_OBJC_ROOT_CLASS = YES_ERROR;
				CLANG_WARN_UNREACHABLE_CODE = YES;
				CLANG_WARN__DUPLICATE_METHOD_MATCH = YES;
				"CODE_SIGN_IDENTITY[sdk=iphoneos*]" = "iPhone Developer";
				COPY_PHASE_STRIP = NO;
				DEBUG_INFORMATION_FORMAT = dwarf;
				ENABLE_STRICT_OBJC_MSGSEND = YES;
				ENABLE_TESTABILITY = YES;
				GCC_C_LANGUAGE_STANDARD = gnu99;
				GCC_DYNAMIC_NO_PIC = NO;
				GCC_NO_COMMON_BLOCKS = YES;
				GCC_OPTIMIZATION_LEVEL = 0;
				GCC_PRECOMPILE_PREFIX_HEADER = YES;
				GCC_PREFIX_HEADER = "$(SRCROOT)/MVVM/PrefixHeader.pch";
				GCC_PREPROCESSOR_DEFINITIONS = (
					"DEBUG=1",
					"$(inherited)",
				);
				GCC_WARN_64_TO_32_BIT_CONVERSION = YES;
				GCC_WARN_ABOUT_RETURN_TYPE = YES_ERROR;
				GCC_WARN_UNDECLARED_SELECTOR = YES;
				GCC_WARN_UNINITIALIZED_AUTOS = YES_AGGRESSIVE;
				GCC_WARN_UNUSED_FUNCTION = YES;
				GCC_WARN_UNUSED_VARIABLE = YES;
				IPHONEOS_DEPLOYMENT_TARGET = 9.3;
				MTL_ENABLE_DEBUG_INFO = YES;
				ONLY_ACTIVE_ARCH = YES;
				SDKROOT = iphoneos;
			};
			name = Debug;
		};
		270659441D4F101200044350 /* Release */ = {
			isa = XCBuildConfiguration;
			buildSettings = {
				ALWAYS_SEARCH_USER_PATHS = NO;
				CLANG_ANALYZER_NONNULL = YES;
				CLANG_CXX_LANGUAGE_STANDARD = "gnu++0x";
				CLANG_CXX_LIBRARY = "libc++";
				CLANG_ENABLE_MODULES = YES;
				CLANG_ENABLE_OBJC_ARC = YES;
				CLANG_WARN_BOOL_CONVERSION = YES;
				CLANG_WARN_CONSTANT_CONVERSION = YES;
				CLANG_WARN_DIRECT_OBJC_ISA_USAGE = YES_ERROR;
				CLANG_WARN_EMPTY_BODY = YES;
				CLANG_WARN_ENUM_CONVERSION = YES;
				CLANG_WARN_INT_CONVERSION = YES;
				CLANG_WARN_OBJC_ROOT_CLASS = YES_ERROR;
				CLANG_WARN_UNREACHABLE_CODE = YES;
				CLANG_WARN__DUPLICATE_METHOD_MATCH = YES;
				"CODE_SIGN_IDENTITY[sdk=iphoneos*]" = "iPhone Developer";
				COPY_PHASE_STRIP = NO;
				DEBUG_INFORMATION_FORMAT = "dwarf-with-dsym";
				ENABLE_NS_ASSERTIONS = NO;
				ENABLE_STRICT_OBJC_MSGSEND = YES;
				GCC_C_LANGUAGE_STANDARD = gnu99;
				GCC_NO_COMMON_BLOCKS = YES;
				GCC_PRECOMPILE_PREFIX_HEADER = YES;
				GCC_PREFIX_HEADER = "$(SRCROOT)/MVVM/PrefixHeader.pch";
				GCC_WARN_64_TO_32_BIT_CONVERSION = YES;
				GCC_WARN_ABOUT_RETURN_TYPE = YES_ERROR;
				GCC_WARN_UNDECLARED_SELECTOR = YES;
				GCC_WARN_UNINITIALIZED_AUTOS = YES_AGGRESSIVE;
				GCC_WARN_UNUSED_FUNCTION = YES;
				GCC_WARN_UNUSED_VARIABLE = YES;
				IPHONEOS_DEPLOYMENT_TARGET = 9.3;
				MTL_ENABLE_DEBUG_INFO = NO;
				SDKROOT = iphoneos;
				VALIDATE_PRODUCT = YES;
			};
			name = Release;
		};
		270659461D4F101200044350 /* Debug */ = {
			isa = XCBuildConfiguration;
			baseConfigurationReference = 8A8D8907DF3951A5439D26F9 /* Pods-MVVM.debug.xcconfig */;
			buildSettings = {
				ASSETCATALOG_COMPILER_APPICON_NAME = AppIcon;
				ASSETCATALOG_COMPILER_LAUNCHIMAGE_NAME = LaunchImage;
				INFOPLIST_FILE = MVVM/Info.plist;
				IPHONEOS_DEPLOYMENT_TARGET = 8.4;
				LD_RUNPATH_SEARCH_PATHS = "$(inherited) @executable_path/Frameworks";
				PRODUCT_BUNDLE_IDENTIFIER = LK.MVVM;
				PRODUCT_NAME = "$(TARGET_NAME)";
			};
			name = Debug;
		};
		270659471D4F101200044350 /* Release */ = {
			isa = XCBuildConfiguration;
			baseConfigurationReference = CED0DC49B67B373F67B8DE31 /* Pods-MVVM.release.xcconfig */;
			buildSettings = {
				ASSETCATALOG_COMPILER_APPICON_NAME = AppIcon;
				ASSETCATALOG_COMPILER_LAUNCHIMAGE_NAME = LaunchImage;
				INFOPLIST_FILE = MVVM/Info.plist;
				IPHONEOS_DEPLOYMENT_TARGET = 8.4;
				LD_RUNPATH_SEARCH_PATHS = "$(inherited) @executable_path/Frameworks";
				PRODUCT_BUNDLE_IDENTIFIER = LK.MVVM;
				PRODUCT_NAME = "$(TARGET_NAME)";
			};
			name = Release;
		};
		270659491D4F101200044350 /* Debug */ = {
			isa = XCBuildConfiguration;
			buildSettings = {
				BUNDLE_LOADER = "$(TEST_HOST)";
				INFOPLIST_FILE = MVVMTests/Info.plist;
				LD_RUNPATH_SEARCH_PATHS = "$(inherited) @executable_path/Frameworks @loader_path/Frameworks";
				PRODUCT_BUNDLE_IDENTIFIER = LK.MVVMTests;
				PRODUCT_NAME = "$(TARGET_NAME)";
				TEST_HOST = "$(BUILT_PRODUCTS_DIR)/MVVM.app/MVVM";
			};
			name = Debug;
		};
		2706594A1D4F101200044350 /* Release */ = {
			isa = XCBuildConfiguration;
			buildSettings = {
				BUNDLE_LOADER = "$(TEST_HOST)";
				INFOPLIST_FILE = MVVMTests/Info.plist;
				LD_RUNPATH_SEARCH_PATHS = "$(inherited) @executable_path/Frameworks @loader_path/Frameworks";
				PRODUCT_BUNDLE_IDENTIFIER = LK.MVVMTests;
				PRODUCT_NAME = "$(TARGET_NAME)";
				TEST_HOST = "$(BUILT_PRODUCTS_DIR)/MVVM.app/MVVM";
			};
			name = Release;
		};
		2706594C1D4F101200044350 /* Debug */ = {
			isa = XCBuildConfiguration;
			buildSettings = {
				INFOPLIST_FILE = MVVMUITests/Info.plist;
				LD_RUNPATH_SEARCH_PATHS = "$(inherited) @executable_path/Frameworks @loader_path/Frameworks";
				PRODUCT_BUNDLE_IDENTIFIER = LK.MVVMUITests;
				PRODUCT_NAME = "$(TARGET_NAME)";
				TEST_TARGET_NAME = MVVM;
			};
			name = Debug;
		};
		2706594D1D4F101200044350 /* Release */ = {
			isa = XCBuildConfiguration;
			buildSettings = {
				INFOPLIST_FILE = MVVMUITests/Info.plist;
				LD_RUNPATH_SEARCH_PATHS = "$(inherited) @executable_path/Frameworks @loader_path/Frameworks";
				PRODUCT_BUNDLE_IDENTIFIER = LK.MVVMUITests;
				PRODUCT_NAME = "$(TARGET_NAME)";
				TEST_TARGET_NAME = MVVM;
			};
			name = Release;
		};
/* End XCBuildConfiguration section */

/* Begin XCConfigurationList section */
		270659131D4F101200044350 /* Build configuration list for PBXProject "MVVM" */ = {
			isa = XCConfigurationList;
			buildConfigurations = (
				270659431D4F101200044350 /* Debug */,
				270659441D4F101200044350 /* Release */,
			);
			defaultConfigurationIsVisible = 0;
			defaultConfigurationName = Release;
		};
		270659451D4F101200044350 /* Build configuration list for PBXNativeTarget "MVVM" */ = {
			isa = XCConfigurationList;
			buildConfigurations = (
				270659461D4F101200044350 /* Debug */,
				270659471D4F101200044350 /* Release */,
			);
			defaultConfigurationIsVisible = 0;
			defaultConfigurationName = Release;
		};
		270659481D4F101200044350 /* Build configuration list for PBXNativeTarget "MVVMTests" */ = {
			isa = XCConfigurationList;
			buildConfigurations = (
				270659491D4F101200044350 /* Debug */,
				2706594A1D4F101200044350 /* Release */,
			);
			defaultConfigurationIsVisible = 0;
			defaultConfigurationName = Release;
		};
		2706594B1D4F101200044350 /* Build configuration list for PBXNativeTarget "MVVMUITests" */ = {
			isa = XCConfigurationList;
			buildConfigurations = (
				2706594C1D4F101200044350 /* Debug */,
				2706594D1D4F101200044350 /* Release */,
			);
			defaultConfigurationIsVisible = 0;
			defaultConfigurationName = Release;
		};
/* End XCConfigurationList section */
	};
	rootObject = 270659101D4F101200044350 /* Project object */;
}
